<?xml version="1.0" encoding="utf-8"?>
<Project ToolsVersion="4.0" xmlns="http://schemas.microsoft.com/developer/msbuild/2003">
  <ItemGroup>
    <Filter Include="nanosvg">
      <UniqueIdentifier>{96de9429-93ae-4d02-9dc4-b244521de4a9}</UniqueIdentifier>
    </Filter>
    <Filter Include="src">
      <UniqueIdentifier>{4FC737F1-C7A5-4376-A066-2A32D752A2FF}</UniqueIdentifier>
      <Extensions>cpp;c;cc;cxx;c++;cppm;ixx;def;odl;idl;hpj;bat;asm;asmx</Extensions>
    </Filter>
  </ItemGroup>
  <ItemGroup>
    <ClCompile Include="svg2png.cpp">
      <Filter>src</Filter>
    </ClCompile>
  </ItemGroup>
  <ItemGroup>
    <ClInclude Include="..\external\nanosvg\src\nanosvg.h">
      <Filter>nanosvg</Filter>
    </ClInclude>
    <ClInclude Include="..\external\nanosvg\src\nanosvgrast.h">
      <Filter>nanosvg</Filter>
    </ClInclude>
  </ItemGroup>
</Project>